
Microsoft Visual Studio Solution File, Format Version 12.00
# Visual Studio Version 16
VisualStudioVersion = 16.0.30204.135
MinimumVisualStudioVersion = 10.0.40219.1
Project("{FAE04EC0-301F-11D3-BF4B-00C04F79EFBC}") = "Bank", "Bank.csproj", "{356FCA0F-16FA-4091-B0B7-935B123B3A72}"
EndProject
Project("{FAE04EC0-301F-11D3-BF4B-00C04F79EFBC}") = "BankTests", "BankTests\BankTests.csproj", "{85029EAD-D200-436B-8F34-441222B431F7}"
EndProject
Global
	GlobalSection(SolutionConfigurationPlatforms) = preSolution
		Debug|Any CPU = Debug|Any CPU
		Release|Any CPU = Release|Any CPU
	EndGlobalSection
	GlobalSection(ProjectConfigurationPlatforms) = postSolution
		{356FCA0F-16FA-4091-B0B7-935B123B3A72}.Debug|Any CPU.ActiveCfg = Debug|Any CPU
		{356FCA0F-16FA-4091-B0B7-935B123B3A72}.Debug|Any CPU.Build.0 = Debug|Any CPU
		{356FCA0F-16FA-4091-B0B7-935B123B3A72}.Release|Any CPU.ActiveCfg = Release|Any CPU
		{356FCA0F-16FA-4091-B0B7-935B123B3A72}.Release|Any CPU.Build.0 = Release|Any CPU
		{85029EAD-D200-436B-8F34-441222B431F7}.Debug|Any CPU.ActiveCfg = Debug|Any CPU
		{85029EAD-D200-436B-8F34-441222B431F7}.Debug|Any CPU.Build.0 = Debug|Any CPU
		{85029EAD-D200-436B-8F34-441222B431F7}.Release|Any CPU.ActiveCfg = Release|Any CPU
		{85029EAD-D200-436B-8F34-441222B431F7}.Release|Any CPU.Build.0 = Release|Any CPU
	EndGlobalSection
	GlobalSection(SolutionProperties) = preSolution
		HideSolutionNode = FALSE
	EndGlobalSection
	GlobalSection(ExtensibilityGlobals) = postSolution
		SolutionGuid = {0232A621-5A14-4FB2-965D-C6D20DF1BA39}
	EndGlobalSection
EndGlobal
